
Microsoft Visual Studio Solution File, Format Version 12.00
# Visual Studio Version 17
VisualStudioVersion = 17.11.35312.102
MinimumVisualStudioVersion = 10.0.40219.1
Project("{2150E333-8FDC-42A3-9474-1A3956D46DE8}") = "Solution Items", "Solution Items", "{446EF5CB-A279-4660-82BC-961230A4C364}"
	ProjectSection(SolutionItems) = preProject
		README.md = README.md
	EndProjectSection
EndProject
Project("{FAE04EC0-301F-11D3-BF4B-00C04F79EFBC}") = "OrnekApi", "OrnekApi\OrnekApi.csproj", "{78CAF5CB-917F-4283-8161-FB1CAE3F1595}"
EndProject
Global
	GlobalSection(SolutionConfigurationPlatforms) = preSolution
		Debug|Any CPU = Debug|Any CPU
		Release|Any CPU = Release|Any CPU
	EndGlobalSection
	GlobalSection(ProjectConfigurationPlatforms) = postSolution
		{78CAF5CB-917F-4283-8161-FB1CAE3F1595}.Debug|Any CPU.ActiveCfg = Debug|Any CPU
		{78CAF5CB-917F-4283-8161-FB1CAE3F1595}.Debug|Any CPU.Build.0 = Debug|Any CPU
		{78CAF5CB-917F-4283-8161-FB1CAE3F1595}.Release|Any CPU.ActiveCfg = Release|Any CPU
		{78CAF5CB-917F-4283-8161-FB1CAE3F1595}.Release|Any CPU.Build.0 = Release|Any CPU
	EndGlobalSection
	GlobalSection(SolutionProperties) = preSolution
		HideSolutionNode = FALSE
	EndGlobalSection
	GlobalSection(ExtensibilityGlobals) = postSolution
		SolutionGuid = {A1D00B0B-2897-45F9-9828-F52136264413}
	EndGlobalSection
EndGlobal
